
Microsoft Visual Studio Solution File, Format Version 12.00
# Visual Studio Version 16
VisualStudioVersion = 16.0.30517.126
MinimumVisualStudioVersion = 10.0.40219.1
Project("{FAE04EC0-301F-11D3-BF4B-00C04F79EFBC}") = "SearchEngine", "SearchEngine.csproj", "{D0EA5BE9-8A2F-4965-A045-A0899116358C}"
EndProject
Global
	GlobalSection(SolutionConfigurationPlatforms) = preSolution
		Debug|Any CPU = Debug|Any CPU
		Release|Any CPU = Release|Any CPU
	EndGlobalSection
	GlobalSection(ProjectConfigurationPlatforms) = postSolution
		{D0EA5BE9-8A2F-4965-A045-A0899116358C}.Debug|Any CPU.ActiveCfg = Debug|Any CPU
		{D0EA5BE9-8A2F-4965-A045-A0899116358C}.Debug|Any CPU.Build.0 = Debug|Any CPU
		{D0EA5BE9-8A2F-4965-A045-A0899116358C}.Release|Any CPU.ActiveCfg = Release|Any CPU
		{D0EA5BE9-8A2F-4965-A045-A0899116358C}.Release|Any CPU.Build.0 = Release|Any CPU
	EndGlobalSection
	GlobalSection(SolutionProperties) = preSolution
		HideSolutionNode = FALSE
	EndGlobalSection
	GlobalSection(ExtensibilityGlobals) = postSolution
		SolutionGuid = {D41B4EB2-DC25-42DC-B1E3-10969AEA5E72}
	EndGlobalSection
EndGlobal
